
Microsoft Visual Studio Solution File, Format Version 12.00
# Visual Studio Version 17
VisualStudioVersion = 17.0.31903.59
MinimumVisualStudioVersion = 10.0.40219.1
Project("{2150E333-8FDC-42A3-9474-1A3956D46DE8}") = "src", "src", "{610BC4C3-D960-48EC-B403-157C6D3B24D3}"
EndProject
Project("{9A19103F-16F7-4668-BE54-9A1E7A4F7556}") = "OwaspDemo", "src\OwaspDemo\OwaspDemo.csproj", "{95F682EB-978F-4A34-8D88-3EF248A2C565}"
EndProject
Global
	GlobalSection(SolutionConfigurationPlatforms) = preSolution
		Debug|Any CPU = Debug|Any CPU
		Release|Any CPU = Release|Any CPU
	EndGlobalSection
	GlobalSection(ProjectConfigurationPlatforms) = postSolution
		{95F682EB-978F-4A34-8D88-3EF248A2C565}.Debug|Any CPU.ActiveCfg = Debug|Any CPU
		{95F682EB-978F-4A34-8D88-3EF248A2C565}.Debug|Any CPU.Build.0 = Debug|Any CPU
		{95F682EB-978F-4A34-8D88-3EF248A2C565}.Release|Any CPU.ActiveCfg = Release|Any CPU
		{95F682EB-978F-4A34-8D88-3EF248A2C565}.Release|Any CPU.Build.0 = Release|Any CPU
	EndGlobalSection
	GlobalSection(SolutionProperties) = preSolution
		HideSolutionNode = FALSE
	EndGlobalSection
	GlobalSection(NestedProjects) = preSolution
		{95F682EB-978F-4A34-8D88-3EF248A2C565} = {610BC4C3-D960-48EC-B403-157C6D3B24D3}
	EndGlobalSection
EndGlobal
